
Microsoft Visual Studio Solution File, Format Version 12.00
# Visual Studio Version 17
VisualStudioVersion = 17.7.34031.279
MinimumVisualStudioVersion = 10.0.40219.1
Project("{FAE04EC0-301F-11D3-BF4B-00C04F79EFBC}") = "eTurns.DTO", "eTurns.DTO\eTurns.DTO.csproj", "{FE232F3B-7406-42D5-BBB4-F1D75FD1413B}"
EndProject
Project("{FAE04EC0-301F-11D3-BF4B-00C04F79EFBC}") = "eTurns.DAL", "eTurns.DAL\eTurns.DAL.csproj", "{D7A92127-5B6A-45A6-B670-0DA6358B4720}"
EndProject
Project("{FAE04EC0-301F-11D3-BF4B-00C04F79EFBC}") = "eTurnsMaster.DAL", "eTurnsMaster.DAL\eTurnsMaster.DAL.csproj", "{AD206A59-CEDC-4586-9E15-60DCD4E49DC4}"
EndProject
Project("{FAE04EC0-301F-11D3-BF4B-00C04F79EFBC}") = "eTurnsWeb", "eTurnsWeb\eTurnsWeb.csproj", "{3144A268-3742-4252-ACA7-3219CE89EB0E}"
EndProject
Project("{FAE04EC0-301F-11D3-BF4B-00C04F79EFBC}") = "eTurnsServices", "eTurnsServices\eTurnsServices.csproj", "{D310534B-5BB1-4629-A4C3-7C5ED9653AAA}"
EndProject
Project("{FAE04EC0-301F-11D3-BF4B-00C04F79EFBC}") = "eTurns.WebAPIService", "eTurns.WebAPIService\eTurns.WebAPIService.csproj", "{EFE6D42A-3C59-4750-9873-8415ED37E7D6}"
EndProject
Project("{FAE04EC0-301F-11D3-BF4B-00C04F79EFBC}") = "eTurns.AuthorizeApi", "eTurns.AuthorizeApi\eTurns.AuthorizeApi.csproj", "{CE806A86-9C49-4EFD-8C02-DC75948258DE}"
EndProject
Project("{FAE04EC0-301F-11D3-BF4B-00C04F79EFBC}") = "eTurns.IntegrateAPI", "eTurns.IntegrateAPI\eTurns.IntegrateAPI.csproj", "{333A980F-B71C-4439-946C-31B9B7F1F27E}"
EndProject
Project("{FAE04EC0-301F-11D3-BF4B-00C04F79EFBC}") = "eTurns.ArchiveSchedulerService", "eTurns.ArchiveSchedulerService\eTurns.ArchiveSchedulerService.csproj", "{07946189-240B-4237-8FA2-AE37999AA4DC}"
EndProject
Project("{FAE04EC0-301F-11D3-BF4B-00C04F79EFBC}") = "eTurns.QueueTasksProcessor", "eTurns.QueueTasksProcessor\eTurns.QueueTasksProcessor.csproj", "{C332202F-BBE2-47F7-A0A3-27466744613F}"
EndProject
Project("{FAE04EC0-301F-11D3-BF4B-00C04F79EFBC}") = "eTurns.SchedulerService", "eTurns.SchedulerService\eTurns.SchedulerService.csproj", "{2C8B0532-CD8C-4A30-9520-80FAAACA9019}"
EndProject
Project("{FAE04EC0-301F-11D3-BF4B-00C04F79EFBC}") = "eTurnsActivateSchedules", "eTurnsActivateSchedules\eTurnsActivateSchedules.csproj", "{082B168E-71EE-4F7E-951D-E6F582CAF808}"
EndProject
Project("{FAE04EC0-301F-11D3-BF4B-00C04F79EFBC}") = "eTurnseMailService", "eTurnseMailService\eTurnseMailService.csproj", "{95E7534E-BCA7-4406-8F99-D1EB5644909D}"
EndProject
Project("{FAE04EC0-301F-11D3-BF4B-00C04F79EFBC}") = "eTurnsServices.DailyAnalytics", "eTurnsServices.DailyAnalytics\eTurnsServices.DailyAnalytics.csproj", "{5C3E93C4-61B8-448E-AB3C-B38FF2A9AEFF}"
EndProject
Project("{FAE04EC0-301F-11D3-BF4B-00C04F79EFBC}") = "eTurnsServices.MonthlyAnalytics", "eTurnsServices.MonthlyAnalytics\eTurnsServices.MonthlyAnalytics.csproj", "{A0C57CD8-4DE3-4BF8-8A0E-7402F76F5940}"
EndProject
Project("{FAE04EC0-301F-11D3-BF4B-00C04F79EFBC}") = "eTurnsServices.ScheduledOrdersTransfers", "eTurnsServices.ScheduledOrdersTransfers\eTurnsServices.ScheduledOrdersTransfers.csproj", "{DB7D2BDC-E25E-4F89-8514-851447999FA1}"
EndProject
Project("{FAE04EC0-301F-11D3-BF4B-00C04F79EFBC}") = "eTurns.eVMIWinService", "eTurns.eVMIWinService\eTurns.eVMIWinService.csproj", "{6EEF3535-F597-478A-A7F8-669BDB4B2602}"
EndProject
Project("{FAE04EC0-301F-11D3-BF4B-00C04F79EFBC}") = "eTurns.TaskScheduler", "eTurns.TaskScheduler\eTurns.TaskScheduler.csproj", "{89A64C5D-6911-45AC-BDC7-DF431930C840}"
EndProject
Project("{FAE04EC0-301F-11D3-BF4B-00C04F79EFBC}") = "eTurns.eVMIBAL", "eTurns.eVMIBAL\eTurns.eVMIBAL.csproj", "{9A24DD48-0979-4E8A-8536-12A967167A60}"
EndProject
Global
	GlobalSection(SolutionConfigurationPlatforms) = preSolution
		Debug|Any CPU = Debug|Any CPU
		Debug|x86 = Debug|x86
		Release|Any CPU = Release|Any CPU
		Release|x86 = Release|x86
	EndGlobalSection
	GlobalSection(ProjectConfigurationPlatforms) = postSolution
		{FE232F3B-7406-42D5-BBB4-F1D75FD1413B}.Debug|Any CPU.ActiveCfg = Debug|Any CPU
		{FE232F3B-7406-42D5-BBB4-F1D75FD1413B}.Debug|Any CPU.Build.0 = Debug|Any CPU
		{FE232F3B-7406-42D5-BBB4-F1D75FD1413B}.Debug|x86.ActiveCfg = Debug|Any CPU
		{FE232F3B-7406-42D5-BBB4-F1D75FD1413B}.Debug|x86.Build.0 = Debug|Any CPU
		{FE232F3B-7406-42D5-BBB4-F1D75FD1413B}.Release|Any CPU.ActiveCfg = Release|Any CPU
		{FE232F3B-7406-42D5-BBB4-F1D75FD1413B}.Release|Any CPU.Build.0 = Release|Any CPU
		{FE232F3B-7406-42D5-BBB4-F1D75FD1413B}.Release|x86.ActiveCfg = Release|Any CPU
		{FE232F3B-7406-42D5-BBB4-F1D75FD1413B}.Release|x86.Build.0 = Release|Any CPU
		{D7A92127-5B6A-45A6-B670-0DA6358B4720}.Debug|Any CPU.ActiveCfg = Debug|Any CPU
		{D7A92127-5B6A-45A6-B670-0DA6358B4720}.Debug|Any CPU.Build.0 = Debug|Any CPU
		{D7A92127-5B6A-45A6-B670-0DA6358B4720}.Debug|x86.ActiveCfg = Debug|Any CPU
		{D7A92127-5B6A-45A6-B670-0DA6358B4720}.Debug|x86.Build.0 = Debug|Any CPU
		{D7A92127-5B6A-45A6-B670-0DA6358B4720}.Release|Any CPU.ActiveCfg = Release|Any CPU
		{D7A92127-5B6A-45A6-B670-0DA6358B4720}.Release|Any CPU.Build.0 = Release|Any CPU
		{D7A92127-5B6A-45A6-B670-0DA6358B4720}.Release|x86.ActiveCfg = Release|Any CPU
		{D7A92127-5B6A-45A6-B670-0DA6358B4720}.Release|x86.Build.0 = Release|Any CPU
		{AD206A59-CEDC-4586-9E15-60DCD4E49DC4}.Debug|Any CPU.ActiveCfg = Debug|Any CPU
		{AD206A59-CEDC-4586-9E15-60DCD4E49DC4}.Debug|Any CPU.Build.0 = Debug|Any CPU
		{AD206A59-CEDC-4586-9E15-60DCD4E49DC4}.Debug|x86.ActiveCfg = Debug|Any CPU
		{AD206A59-CEDC-4586-9E15-60DCD4E49DC4}.Debug|x86.Build.0 = Debug|Any CPU
		{AD206A59-CEDC-4586-9E15-60DCD4E49DC4}.Release|Any CPU.ActiveCfg = Release|Any CPU
		{AD206A59-CEDC-4586-9E15-60DCD4E49DC4}.Release|Any CPU.Build.0 = Release|Any CPU
		{AD206A59-CEDC-4586-9E15-60DCD4E49DC4}.Release|x86.ActiveCfg = Release|Any CPU
		{AD206A59-CEDC-4586-9E15-60DCD4E49DC4}.Release|x86.Build.0 = Release|Any CPU
		{3144A268-3742-4252-ACA7-3219CE89EB0E}.Debug|Any CPU.ActiveCfg = Debug|Any CPU
		{3144A268-3742-4252-ACA7-3219CE89EB0E}.Debug|Any CPU.Build.0 = Debug|Any CPU
		{3144A268-3742-4252-ACA7-3219CE89EB0E}.Debug|x86.ActiveCfg = Debug|Any CPU
		{3144A268-3742-4252-ACA7-3219CE89EB0E}.Debug|x86.Build.0 = Debug|Any CPU
		{3144A268-3742-4252-ACA7-3219CE89EB0E}.Release|Any CPU.ActiveCfg = Release|Any CPU
		{3144A268-3742-4252-ACA7-3219CE89EB0E}.Release|Any CPU.Build.0 = Release|Any CPU
		{3144A268-3742-4252-ACA7-3219CE89EB0E}.Release|x86.ActiveCfg = Release|Any CPU
		{3144A268-3742-4252-ACA7-3219CE89EB0E}.Release|x86.Build.0 = Release|Any CPU
		{D310534B-5BB1-4629-A4C3-7C5ED9653AAA}.Debug|Any CPU.ActiveCfg = Debug|Any CPU
		{D310534B-5BB1-4629-A4C3-7C5ED9653AAA}.Debug|Any CPU.Build.0 = Debug|Any CPU
		{D310534B-5BB1-4629-A4C3-7C5ED9653AAA}.Debug|x86.ActiveCfg = Debug|Any CPU
		{D310534B-5BB1-4629-A4C3-7C5ED9653AAA}.Debug|x86.Build.0 = Debug|Any CPU
		{D310534B-5BB1-4629-A4C3-7C5ED9653AAA}.Release|Any CPU.ActiveCfg = Release|Any CPU
		{D310534B-5BB1-4629-A4C3-7C5ED9653AAA}.Release|Any CPU.Build.0 = Release|Any CPU
		{D310534B-5BB1-4629-A4C3-7C5ED9653AAA}.Release|x86.ActiveCfg = Release|Any CPU
		{D310534B-5BB1-4629-A4C3-7C5ED9653AAA}.Release|x86.Build.0 = Release|Any CPU
		{EFE6D42A-3C59-4750-9873-8415ED37E7D6}.Debug|Any CPU.ActiveCfg = Debug|Any CPU
		{EFE6D42A-3C59-4750-9873-8415ED37E7D6}.Debug|Any CPU.Build.0 = Debug|Any CPU
		{EFE6D42A-3C59-4750-9873-8415ED37E7D6}.Debug|x86.ActiveCfg = Debug|Any CPU
		{EFE6D42A-3C59-4750-9873-8415ED37E7D6}.Debug|x86.Build.0 = Debug|Any CPU
		{EFE6D42A-3C59-4750-9873-8415ED37E7D6}.Release|Any CPU.ActiveCfg = Release|Any CPU
		{EFE6D42A-3C59-4750-9873-8415ED37E7D6}.Release|Any CPU.Build.0 = Release|Any CPU
		{EFE6D42A-3C59-4750-9873-8415ED37E7D6}.Release|x86.ActiveCfg = Release|Any CPU
		{EFE6D42A-3C59-4750-9873-8415ED37E7D6}.Release|x86.Build.0 = Release|Any CPU
		{CE806A86-9C49-4EFD-8C02-DC75948258DE}.Debug|Any CPU.ActiveCfg = Debug|Any CPU
		{CE806A86-9C49-4EFD-8C02-DC75948258DE}.Debug|Any CPU.Build.0 = Debug|Any CPU
		{CE806A86-9C49-4EFD-8C02-DC75948258DE}.Debug|x86.ActiveCfg = Debug|Any CPU
		{CE806A86-9C49-4EFD-8C02-DC75948258DE}.Debug|x86.Build.0 = Debug|Any CPU
		{CE806A86-9C49-4EFD-8C02-DC75948258DE}.Release|Any CPU.ActiveCfg = Release|Any CPU
		{CE806A86-9C49-4EFD-8C02-DC75948258DE}.Release|Any CPU.Build.0 = Release|Any CPU
		{CE806A86-9C49-4EFD-8C02-DC75948258DE}.Release|x86.ActiveCfg = Release|Any CPU
		{CE806A86-9C49-4EFD-8C02-DC75948258DE}.Release|x86.Build.0 = Release|Any CPU
		{333A980F-B71C-4439-946C-31B9B7F1F27E}.Debug|Any CPU.ActiveCfg = Debug|Any CPU
		{333A980F-B71C-4439-946C-31B9B7F1F27E}.Debug|Any CPU.Build.0 = Debug|Any CPU
		{333A980F-B71C-4439-946C-31B9B7F1F27E}.Debug|x86.ActiveCfg = Debug|Any CPU
		{333A980F-B71C-4439-946C-31B9B7F1F27E}.Debug|x86.Build.0 = Debug|Any CPU
		{333A980F-B71C-4439-946C-31B9B7F1F27E}.Release|Any CPU.ActiveCfg = Release|Any CPU
		{333A980F-B71C-4439-946C-31B9B7F1F27E}.Release|Any CPU.Build.0 = Release|Any CPU
		{333A980F-B71C-4439-946C-31B9B7F1F27E}.Release|x86.ActiveCfg = Release|Any CPU
		{333A980F-B71C-4439-946C-31B9B7F1F27E}.Release|x86.Build.0 = Release|Any CPU
		{07946189-240B-4237-8FA2-AE37999AA4DC}.Debug|Any CPU.ActiveCfg = Debug|Any CPU
		{07946189-240B-4237-8FA2-AE37999AA4DC}.Debug|Any CPU.Build.0 = Debug|Any CPU
		{07946189-240B-4237-8FA2-AE37999AA4DC}.Debug|x86.ActiveCfg = Debug|Any CPU
		{07946189-240B-4237-8FA2-AE37999AA4DC}.Debug|x86.Build.0 = Debug|Any CPU
		{07946189-240B-4237-8FA2-AE37999AA4DC}.Release|Any CPU.ActiveCfg = Release|Any CPU
		{07946189-240B-4237-8FA2-AE37999AA4DC}.Release|Any CPU.Build.0 = Release|Any CPU
		{07946189-240B-4237-8FA2-AE37999AA4DC}.Release|x86.ActiveCfg = Release|Any CPU
		{07946189-240B-4237-8FA2-AE37999AA4DC}.Release|x86.Build.0 = Release|Any CPU
		{C332202F-BBE2-47F7-A0A3-27466744613F}.Debug|Any CPU.ActiveCfg = Debug|Any CPU
		{C332202F-BBE2-47F7-A0A3-27466744613F}.Debug|Any CPU.Build.0 = Debug|Any CPU
		{C332202F-BBE2-47F7-A0A3-27466744613F}.Debug|x86.ActiveCfg = Debug|Any CPU
		{C332202F-BBE2-47F7-A0A3-27466744613F}.Debug|x86.Build.0 = Debug|Any CPU
		{C332202F-BBE2-47F7-A0A3-27466744613F}.Release|Any CPU.ActiveCfg = Release|Any CPU
		{C332202F-BBE2-47F7-A0A3-27466744613F}.Release|Any CPU.Build.0 = Release|Any CPU
		{C332202F-BBE2-47F7-A0A3-27466744613F}.Release|x86.ActiveCfg = Release|Any CPU
		{C332202F-BBE2-47F7-A0A3-27466744613F}.Release|x86.Build.0 = Release|Any CPU
		{2C8B0532-CD8C-4A30-9520-80FAAACA9019}.Debug|Any CPU.ActiveCfg = Debug|Any CPU
		{2C8B0532-CD8C-4A30-9520-80FAAACA9019}.Debug|Any CPU.Build.0 = Debug|Any CPU
		{2C8B0532-CD8C-4A30-9520-80FAAACA9019}.Debug|x86.ActiveCfg = Debug|Any CPU
		{2C8B0532-CD8C-4A30-9520-80FAAACA9019}.Debug|x86.Build.0 = Debug|Any CPU
		{2C8B0532-CD8C-4A30-9520-80FAAACA9019}.Release|Any CPU.ActiveCfg = Release|Any CPU
		{2C8B0532-CD8C-4A30-9520-80FAAACA9019}.Release|Any CPU.Build.0 = Release|Any CPU
		{2C8B0532-CD8C-4A30-9520-80FAAACA9019}.Release|x86.ActiveCfg = Release|Any CPU
		{2C8B0532-CD8C-4A30-9520-80FAAACA9019}.Release|x86.Build.0 = Release|Any CPU
		{082B168E-71EE-4F7E-951D-E6F582CAF808}.Debug|Any CPU.ActiveCfg = Debug|Any CPU
		{082B168E-71EE-4F7E-951D-E6F582CAF808}.Debug|Any CPU.Build.0 = Debug|Any CPU
		{082B168E-71EE-4F7E-951D-E6F582CAF808}.Debug|x86.ActiveCfg = Debug|Any CPU
		{082B168E-71EE-4F7E-951D-E6F582CAF808}.Debug|x86.Build.0 = Debug|Any CPU
		{082B168E-71EE-4F7E-951D-E6F582CAF808}.Release|Any CPU.ActiveCfg = Release|Any CPU
		{082B168E-71EE-4F7E-951D-E6F582CAF808}.Release|Any CPU.Build.0 = Release|Any CPU
		{082B168E-71EE-4F7E-951D-E6F582CAF808}.Release|x86.ActiveCfg = Release|Any CPU
		{082B168E-71EE-4F7E-951D-E6F582CAF808}.Release|x86.Build.0 = Release|Any CPU
		{95E7534E-BCA7-4406-8F99-D1EB5644909D}.Debug|Any CPU.ActiveCfg = Debug|Any CPU
		{95E7534E-BCA7-4406-8F99-D1EB5644909D}.Debug|Any CPU.Build.0 = Debug|Any CPU
		{95E7534E-BCA7-4406-8F99-D1EB5644909D}.Debug|x86.ActiveCfg = Debug|Any CPU
		{95E7534E-BCA7-4406-8F99-D1EB5644909D}.Debug|x86.Build.0 = Debug|Any CPU
		{95E7534E-BCA7-4406-8F99-D1EB5644909D}.Release|Any CPU.ActiveCfg = Release|Any CPU
		{95E7534E-BCA7-4406-8F99-D1EB5644909D}.Release|Any CPU.Build.0 = Release|Any CPU
		{95E7534E-BCA7-4406-8F99-D1EB5644909D}.Release|x86.ActiveCfg = Release|Any CPU
		{95E7534E-BCA7-4406-8F99-D1EB5644909D}.Release|x86.Build.0 = Release|Any CPU
		{5C3E93C4-61B8-448E-AB3C-B38FF2A9AEFF}.Debug|Any CPU.ActiveCfg = Debug|Any CPU
		{5C3E93C4-61B8-448E-AB3C-B38FF2A9AEFF}.Debug|Any CPU.Build.0 = Debug|Any CPU
		{5C3E93C4-61B8-448E-AB3C-B38FF2A9AEFF}.Debug|x86.ActiveCfg = Debug|Any CPU
		{5C3E93C4-61B8-448E-AB3C-B38FF2A9AEFF}.Debug|x86.Build.0 = Debug|Any CPU
		{5C3E93C4-61B8-448E-AB3C-B38FF2A9AEFF}.Release|Any CPU.ActiveCfg = Release|Any CPU
		{5C3E93C4-61B8-448E-AB3C-B38FF2A9AEFF}.Release|Any CPU.Build.0 = Release|Any CPU
		{5C3E93C4-61B8-448E-AB3C-B38FF2A9AEFF}.Release|x86.ActiveCfg = Release|Any CPU
		{5C3E93C4-61B8-448E-AB3C-B38FF2A9AEFF}.Release|x86.Build.0 = Release|Any CPU
		{A0C57CD8-4DE3-4BF8-8A0E-7402F76F5940}.Debug|Any CPU.ActiveCfg = Debug|Any CPU
		{A0C57CD8-4DE3-4BF8-8A0E-7402F76F5940}.Debug|Any CPU.Build.0 = Debug|Any CPU
		{A0C57CD8-4DE3-4BF8-8A0E-7402F76F5940}.Debug|x86.ActiveCfg = Debug|Any CPU
		{A0C57CD8-4DE3-4BF8-8A0E-7402F76F5940}.Debug|x86.Build.0 = Debug|Any CPU
		{A0C57CD8-4DE3-4BF8-8A0E-7402F76F5940}.Release|Any CPU.ActiveCfg = Release|Any CPU
		{A0C57CD8-4DE3-4BF8-8A0E-7402F76F5940}.Release|Any CPU.Build.0 = Release|Any CPU
		{A0C57CD8-4DE3-4BF8-8A0E-7402F76F5940}.Release|x86.ActiveCfg = Release|Any CPU
		{A0C57CD8-4DE3-4BF8-8A0E-7402F76F5940}.Release|x86.Build.0 = Release|Any CPU
		{DB7D2BDC-E25E-4F89-8514-851447999FA1}.Debug|Any CPU.ActiveCfg = Debug|Any CPU
		{DB7D2BDC-E25E-4F89-8514-851447999FA1}.Debug|Any CPU.Build.0 = Debug|Any CPU
		{DB7D2BDC-E25E-4F89-8514-851447999FA1}.Debug|x86.ActiveCfg = Debug|Any CPU
		{DB7D2BDC-E25E-4F89-8514-851447999FA1}.Debug|x86.Build.0 = Debug|Any CPU
		{DB7D2BDC-E25E-4F89-8514-851447999FA1}.Release|Any CPU.ActiveCfg = Release|Any CPU
		{DB7D2BDC-E25E-4F89-8514-851447999FA1}.Release|Any CPU.Build.0 = Release|Any CPU
		{DB7D2BDC-E25E-4F89-8514-851447999FA1}.Release|x86.ActiveCfg = Release|Any CPU
		{DB7D2BDC-E25E-4F89-8514-851447999FA1}.Release|x86.Build.0 = Release|Any CPU
		{6EEF3535-F597-478A-A7F8-669BDB4B2602}.Debug|Any CPU.ActiveCfg = Debug|Any CPU
		{6EEF3535-F597-478A-A7F8-669BDB4B2602}.Debug|Any CPU.Build.0 = Debug|Any CPU
		{6EEF3535-F597-478A-A7F8-669BDB4B2602}.Debug|x86.ActiveCfg = Debug|Any CPU
		{6EEF3535-F597-478A-A7F8-669BDB4B2602}.Debug|x86.Build.0 = Debug|Any CPU
		{6EEF3535-F597-478A-A7F8-669BDB4B2602}.Release|Any CPU.ActiveCfg = Release|Any CPU
		{6EEF3535-F597-478A-A7F8-669BDB4B2602}.Release|Any CPU.Build.0 = Release|Any CPU
		{6EEF3535-F597-478A-A7F8-669BDB4B2602}.Release|x86.ActiveCfg = Release|Any CPU
		{6EEF3535-F597-478A-A7F8-669BDB4B2602}.Release|x86.Build.0 = Release|Any CPU
		{89A64C5D-6911-45AC-BDC7-DF431930C840}.Debug|Any CPU.ActiveCfg = Debug|Any CPU
		{89A64C5D-6911-45AC-BDC7-DF431930C840}.Debug|Any CPU.Build.0 = Debug|Any CPU
		{89A64C5D-6911-45AC-BDC7-DF431930C840}.Debug|x86.ActiveCfg = Debug|Any CPU
		{89A64C5D-6911-45AC-BDC7-DF431930C840}.Debug|x86.Build.0 = Debug|Any CPU
		{89A64C5D-6911-45AC-BDC7-DF431930C840}.Release|Any CPU.ActiveCfg = Release|Any CPU
		{89A64C5D-6911-45AC-BDC7-DF431930C840}.Release|Any CPU.Build.0 = Release|Any CPU
		{89A64C5D-6911-45AC-BDC7-DF431930C840}.Release|x86.ActiveCfg = Release|Any CPU
		{89A64C5D-6911-45AC-BDC7-DF431930C840}.Release|x86.Build.0 = Release|Any CPU
		{9A24DD48-0979-4E8A-8536-12A967167A60}.Debug|Any CPU.ActiveCfg = Debug|Any CPU
		{9A24DD48-0979-4E8A-8536-12A967167A60}.Debug|Any CPU.Build.0 = Debug|Any CPU
		{9A24DD48-0979-4E8A-8536-12A967167A60}.Debug|x86.ActiveCfg = Debug|Any CPU
		{9A24DD48-0979-4E8A-8536-12A967167A60}.Debug|x86.Build.0 = Debug|Any CPU
		{9A24DD48-0979-4E8A-8536-12A967167A60}.Release|Any CPU.ActiveCfg = Release|Any CPU
		{9A24DD48-0979-4E8A-8536-12A967167A60}.Release|Any CPU.Build.0 = Release|Any CPU
		{9A24DD48-0979-4E8A-8536-12A967167A60}.Release|x86.ActiveCfg = Release|Any CPU
		{9A24DD48-0979-4E8A-8536-12A967167A60}.Release|x86.Build.0 = Release|Any CPU
	EndGlobalSection
	GlobalSection(SolutionProperties) = preSolution
		HideSolutionNode = FALSE
	EndGlobalSection
	GlobalSection(ExtensibilityGlobals) = postSolution
		SolutionGuid = {F4579AF9-D2CD-4846-AD55-5150A1DE41E8}
	EndGlobalSection
EndGlobal
